PODS:
  - JSONSchema (0.6.0)
  - KeyHolder (4.2.0):
    - Magnet (~> 3.4.0)
  - Magnet (3.4.0):
    - Sauce (~> 2.4.0)
  - Nimble (10.0.0)
  - Quick (5.0.1)
  - RxCocoa (6.9.0):
    - RxRelay (= 6.9.0)
    - RxSwift (= 6.9.0)
  - RxRelay (6.9.0):
    - RxSwift (= 6.9.0)
  - RxSwift (6.9.0)
  - Sauce (2.4.1)
  - Sparkle (2.8.0)
  - SwiftyStringScore (0.2.2)

DEPENDENCIES:
  - JSONSchema (from `https://github.com/kylef/JSONSchema.swift`)
  - KeyHolder
  - Nimble
  - Quick
  - RxCocoa
  - RxSwift
  - Sparkle
  - "SwiftyStringScore (from `git@github.com:8bytes/SwiftyStringScore`)"

SPEC REPOS:
  trunk:
    - KeyHolder
    - Magnet
    - Nimble
    - Quick
    - RxCocoa
    - RxRelay
    - RxSwift
    - Sauce
    - Sparkle

EXTERNAL SOURCES:
  JSONSchema:
    :git: https://github.com/kylef/JSONSchema.swift
  SwiftyStringScore:
    :git: "git@github.com:8bytes/SwiftyStringScore"

CHECKOUT OPTIONS:
  JSONSchema:
    :commit: 8c7ec156dde09715d8d2ed83cc8fe6b1ba90648c
    :git: https://github.com/kylef/JSONSchema.swift
  SwiftyStringScore:
    :commit: 19bf108ddd90de925fee83725e65b75836f75757
    :git: "git@github.com:8bytes/SwiftyStringScore"

SPEC CHECKSUMS:
  JSONSchema: 2fcb0c33de01b60afa07701b395732d66dfbd936
  KeyHolder: b22f09b0c95fa4de579864108c6eb506beb09dd6
  Magnet: d9212b3bb4fc0be22676279960185eeda6823b91
  Nimble: 5316ef81a170ce87baf72dd961f22f89a602ff84
  Quick: 749aa754fd1e7d984f2000fe051e18a3a9809179
  RxCocoa: ac16414696ae706516be3e1ab00fcce5bdc9be8a
  RxRelay: 6b0c930e5cef57d5fe2032571e5e65b78e3cbdb1
  RxSwift: 31649ace6aceeb422e16ff71c60804f9c3281ed9
  Sauce: e4ffcf0332a298a0cb2f29b4200119bedbac23c5
  Sparkle: 16aaef9876ab6b3d49633d26e8e5b77e0d52b0e2
  SwiftyStringScore: e9a3a4d84d313f68a90fe30f0520b00c7834167a

PODFILE CHECKSUM: 4c6f6099e50afe977b74f6d6cdc00231d7cae96c

COCOAPODS: 1.16.2
